github.com/Snawoot/go-http-digest-auth-client v1.1.3 h1:Xd/SNBuIUJqotzmxRpbXovBJxmlVZOT19IZZdMdrJ0Q=
github.com/Snawoot/go-http-digest-auth-client v1.1.3/go.mod h1:WiwNiPXTRGyjTGpBtSQJlM2wDPRRPpFGhMkMWpV4uqg=
github.com/davecgh/go-spew v1.1.1 h1:vj9j/u1bqnvCEfJOwUhtlOARqs3+rkHYY13jYWTU97c=
github.com/davecgh/go-spew v1.1.1/go.mod h1:J7Y8YcW2NihsgmVo/mv3lAwl/skON4iLHjSsI+c5H38=
github.com/hashicorp/errwrap v1.0.0/go.mod h1:YH+1FKiLXxHSkmPseP+kNlulaMuP3n2brvKWEqk/Jc4=
github.com/hashicorp/errwrap v1.1.0 h1:OxrOeh75EUXMY8TBjag2fzXGZ40LB6IKw45YeGUDY2I=
github.com/hashicorp/errwrap v1.1.0/go.mod h1:YH+1FKiLXxHSkmPseP+kNlulaMuP3n2brvKWEqk/Jc4=
github.com/hashicorp/go-multierror v1.1.1 h1:H5DkEtf6CXdFp0N0Em5UCwQpXMWke8IA0+lD48awMYo=
github.com/hashicorp/go-multierror v1.1.1/go.mod h1:iw975J/qwKPdAO1clOe2L8331t/9/fmwbPZ6JB6eMoM=
github.com/ncruces/go-dns v1.3.2 h1:kBLuUZBgkQ4qF4WDXZRQ4rG0Gk6sLVJQ5tESkWrxUa0=
github.com/ncruces/go-dns v1.3.2/go.mod h1:tuzixNY8PY/M7yUzcvRbUaeLs3ifIdydpi5H2bfRU+s=
github.com/pmezard/go-difflib v1.0.0 h1:4DBwDE0NGyQoBHbLQYPwSUPoCMWR5BEzIk/f1lZbAQM=
github.com/pmezard/go-difflib v1.0.0/go.mod h1:iKH77koFhYxTK1pcRnkKkqfTogsbg7gZNVY4sRDYZ/4=
github.com/stretchr/testify v1.11.0 h1:ib4sjIrwZKxE5u/Japgo/7SJV3PvgjGiRNAvTVGqQl8=
github.com/stretchr/testify v1.11.0/go.mod h1:wZwfW3scLgRK+23gO65QZefKpKQRnfz6sD981Nm4B6U=
github.com/things-go/go-socks5 v0.1.0 h1:4f5dz0iMQ6cA4wseFmyLmCHmg3SWJTW92ndrKS6oERg=
github.com/things-go/go-socks5 v0.1.0/go.mod h1:Riabiyu52kLsla0YmJqunt1c1JEl6iXSr4bRd7swFEA=
golang.org/x/crypto/x509roots/fallback v0.0.0-20251210140736-7dacc380ba00 h1:qObov2/X4yIpr98j5t6samg3mMF12Rl4taUJd1rWj+c=
golang.org/x/crypto/x509roots/fallback v0.0.0-20251210140736-7dacc380ba00/go.mod h1:MEIPiCnxvQEjA4astfaKItNwEVZA5Ki+3+nyGbJ5N18=
golang.org/x/net v0.48.0 h1:zyQRTTrjc33Lhh0fBgT/H3oZq9WuvRR5gPC70xpDiQU=
golang.org/x/net v0.48.0/go.mod h1:+ndRgGjkh8FGtu1w1FGbEC31if4VrNVMuKTgcAAnQRY=
gopkg.in/yaml.v3 v3.0.1 h1:fxVm/GzAzEWqLHuvctI91KS9hhNmmWOoWu0XTYJS7CA=
gopkg.in/yaml.v3 v3.0.1/go.mod h1:K4uyk7z7BCEPqu6E+C64Yfv1cQ7kz7rIZviUmN+EgEM=
